
Microsoft Visual Studio Solution File, Format Version 12.00
# Visual Studio Version 17
VisualStudioVersion = 17.11.35312.102
MinimumVisualStudioVersion = 10.0.40219.1
Project("{FAE04EC0-301F-11D3-BF4B-00C04F79EFBC}") = "ShootingGuys", "ShootingGuys\ShootingGuys.csproj", "{04AC1FE3-CAD3-427F-80A0-4175CFAD2423}"
EndProject
Global
	GlobalSection(SolutionConfigurationPlatforms) = preSolution
		Debug|Any CPU = Debug|Any CPU
		Release|Any CPU = Release|Any CPU
	EndGlobalSection
	GlobalSection(ProjectConfigurationPlatforms) = postSolution
		{04AC1FE3-CAD3-427F-80A0-4175CFAD2423}.Debug|Any CPU.ActiveCfg = Debug|Any CPU
		{04AC1FE3-CAD3-427F-80A0-4175CFAD2423}.Debug|Any CPU.Build.0 = Debug|Any CPU
		{04AC1FE3-CAD3-427F-80A0-4175CFAD2423}.Release|Any CPU.ActiveCfg = Release|Any CPU
		{04AC1FE3-CAD3-427F-80A0-4175CFAD2423}.Release|Any CPU.Build.0 = Release|Any CPU
	EndGlobalSection
	GlobalSection(SolutionProperties) = preSolution
		HideSolutionNode = FALSE
	EndGlobalSection
	GlobalSection(ExtensibilityGlobals) = postSolution
		SolutionGuid = {32EE7DE9-B68E-41BF-BAFE-C38EF25EB38E}
	EndGlobalSection
EndGlobal
