
Microsoft Visual Studio Solution File, Format Version 12.00
# Visual Studio Version 17
VisualStudioVersion = 17.11.35208.52
MinimumVisualStudioVersion = 10.0.40219.1
Project("{FAE04EC0-301F-11D3-BF4B-00C04F79EFBC}") = "c#console_app", "c#console_app\c#console_app.csproj", "{4CF8650B-1494-4030-975A-E1D473A13887}"
EndProject
Project("{FAE04EC0-301F-11D3-BF4B-00C04F79EFBC}") = "c#console_app_2", "c#console_app_2\c#console_app_2.csproj", "{ED48F6D4-CB1D-4F5A-9BD3-1371D073C20D}"
EndProject
Project("{FAE04EC0-301F-11D3-BF4B-00C04F79EFBC}") = "c#console_app_3", "c#console_app_3\c#console_app_3.csproj", "{A0D20478-25D0-4210-891B-9B39E65F4172}"
EndProject
Global
	GlobalSection(SolutionConfigurationPlatforms) = preSolution
		Debug|Any CPU = Debug|Any CPU
		Release|Any CPU = Release|Any CPU
	EndGlobalSection
	GlobalSection(ProjectConfigurationPlatforms) = postSolution
		{4CF8650B-1494-4030-975A-E1D473A13887}.Debug|Any CPU.ActiveCfg = Debug|Any CPU
		{4CF8650B-1494-4030-975A-E1D473A13887}.Debug|Any CPU.Build.0 = Debug|Any CPU
		{4CF8650B-1494-4030-975A-E1D473A13887}.Release|Any CPU.ActiveCfg = Release|Any CPU
		{4CF8650B-1494-4030-975A-E1D473A13887}.Release|Any CPU.Build.0 = Release|Any CPU
		{ED48F6D4-CB1D-4F5A-9BD3-1371D073C20D}.Debug|Any CPU.ActiveCfg = Debug|Any CPU
		{ED48F6D4-CB1D-4F5A-9BD3-1371D073C20D}.Debug|Any CPU.Build.0 = Debug|Any CPU
		{ED48F6D4-CB1D-4F5A-9BD3-1371D073C20D}.Release|Any CPU.ActiveCfg = Release|Any CPU
		{ED48F6D4-CB1D-4F5A-9BD3-1371D073C20D}.Release|Any CPU.Build.0 = Release|Any CPU
		{A0D20478-25D0-4210-891B-9B39E65F4172}.Debug|Any CPU.ActiveCfg = Debug|Any CPU
		{A0D20478-25D0-4210-891B-9B39E65F4172}.Debug|Any CPU.Build.0 = Debug|Any CPU
		{A0D20478-25D0-4210-891B-9B39E65F4172}.Release|Any CPU.ActiveCfg = Release|Any CPU
		{A0D20478-25D0-4210-891B-9B39E65F4172}.Release|Any CPU.Build.0 = Release|Any CPU
	EndGlobalSection
	GlobalSection(SolutionProperties) = preSolution
		HideSolutionNode = FALSE
	EndGlobalSection
	GlobalSection(ExtensibilityGlobals) = postSolution
		SolutionGuid = {641F7A4B-8536-40DB-B6E0-C183EAE18C20}
	EndGlobalSection
EndGlobal
