
Microsoft Visual Studio Solution File, Format Version 12.00
# Visual Studio Version 17
VisualStudioVersion = 17.11.35312.102
MinimumVisualStudioVersion = 10.0.40219.1
Project("{FAE04EC0-301F-11D3-BF4B-00C04F79EFBC}") = "snake3d", "snake3d\snake3d.csproj", "{2D6A0E09-2B95-40D1-8043-7557EA566686}"
EndProject
Project("{9A19103F-16F7-4668-BE54-9A1E7A4F7556}") = "snake_", "..\..\snake_\snake_\snake_\snake_.csproj", "{50321403-65C3-4727-A1AE-456FE2F4D70B}"
EndProject
Global
	GlobalSection(SolutionConfigurationPlatforms) = preSolution
		Debug|Any CPU = Debug|Any CPU
		Release|Any CPU = Release|Any CPU
	EndGlobalSection
	GlobalSection(ProjectConfigurationPlatforms) = postSolution
		{2D6A0E09-2B95-40D1-8043-7557EA566686}.Debug|Any CPU.ActiveCfg = Debug|Any CPU
		{2D6A0E09-2B95-40D1-8043-7557EA566686}.Debug|Any CPU.Build.0 = Debug|Any CPU
		{2D6A0E09-2B95-40D1-8043-7557EA566686}.Release|Any CPU.ActiveCfg = Release|Any CPU
		{2D6A0E09-2B95-40D1-8043-7557EA566686}.Release|Any CPU.Build.0 = Release|Any CPU
		{50321403-65C3-4727-A1AE-456FE2F4D70B}.Debug|Any CPU.ActiveCfg = Debug|Any CPU
		{50321403-65C3-4727-A1AE-456FE2F4D70B}.Debug|Any CPU.Build.0 = Debug|Any CPU
		{50321403-65C3-4727-A1AE-456FE2F4D70B}.Release|Any CPU.ActiveCfg = Release|Any CPU
		{50321403-65C3-4727-A1AE-456FE2F4D70B}.Release|Any CPU.Build.0 = Release|Any CPU
	EndGlobalSection
	GlobalSection(SolutionProperties) = preSolution
		HideSolutionNode = FALSE
	EndGlobalSection
	GlobalSection(ExtensibilityGlobals) = postSolution
		SolutionGuid = {0A625AB4-FF1E-496F-9C5B-3C5C7B3A8CD0}
	EndGlobalSection
EndGlobal
