
Microsoft Visual Studio Solution File, Format Version 12.00
# Visual Studio Version 17
VisualStudioVersion = 17.11.35312.102
MinimumVisualStudioVersion = 10.0.40219.1
Project("{FAE04EC0-301F-11D3-BF4B-00C04F79EFBC}") = "snake_", "snake_\snake_.csproj", "{8C417C83-8034-4ADF-8BE5-5C5B3AA03A08}"
EndProject
Global
	GlobalSection(SolutionConfigurationPlatforms) = preSolution
		Debug|Any CPU = Debug|Any CPU
		Release|Any CPU = Release|Any CPU
	EndGlobalSection
	GlobalSection(ProjectConfigurationPlatforms) = postSolution
		{8C417C83-8034-4ADF-8BE5-5C5B3AA03A08}.Debug|Any CPU.ActiveCfg = Debug|Any CPU
		{8C417C83-8034-4ADF-8BE5-5C5B3AA03A08}.Debug|Any CPU.Build.0 = Debug|Any CPU
		{8C417C83-8034-4ADF-8BE5-5C5B3AA03A08}.Release|Any CPU.ActiveCfg = Release|Any CPU
		{8C417C83-8034-4ADF-8BE5-5C5B3AA03A08}.Release|Any CPU.Build.0 = Release|Any CPU
	EndGlobalSection
	GlobalSection(SolutionProperties) = preSolution
		HideSolutionNode = FALSE
	EndGlobalSection
	GlobalSection(ExtensibilityGlobals) = postSolution
		SolutionGuid = {FA2A987D-6323-4289-926B-196D1F0543B4}
	EndGlobalSection
EndGlobal
