
Microsoft Visual Studio Solution File, Format Version 12.00
# Visual Studio Version 17
VisualStudioVersion = 17.11.35327.3
MinimumVisualStudioVersion = 10.0.40219.1
Project("{FAE04EC0-301F-11D3-BF4B-00C04F79EFBC}") = "ticketdata", "ticketdata\ticketdata.csproj", "{299A9A0A-33E6-4238-AE5E-3EA05572EA3B}"
EndProject
Global
	GlobalSection(SolutionConfigurationPlatforms) = preSolution
		Debug|Any CPU = Debug|Any CPU
		Release|Any CPU = Release|Any CPU
	EndGlobalSection
	GlobalSection(ProjectConfigurationPlatforms) = postSolution
		{299A9A0A-33E6-4238-AE5E-3EA05572EA3B}.Debug|Any CPU.ActiveCfg = Debug|Any CPU
		{299A9A0A-33E6-4238-AE5E-3EA05572EA3B}.Debug|Any CPU.Build.0 = Debug|Any CPU
		{299A9A0A-33E6-4238-AE5E-3EA05572EA3B}.Release|Any CPU.ActiveCfg = Release|Any CPU
		{299A9A0A-33E6-4238-AE5E-3EA05572EA3B}.Release|Any CPU.Build.0 = Release|Any CPU
	EndGlobalSection
	GlobalSection(SolutionProperties) = preSolution
		HideSolutionNode = FALSE
	EndGlobalSection
	GlobalSection(ExtensibilityGlobals) = postSolution
		SolutionGuid = {3FB19B54-67AD-4851-9CF1-10EA11D2CC3E}
	EndGlobalSection
EndGlobal
