
Microsoft Visual Studio Solution File, Format Version 12.00
# Visual Studio Version 17
VisualStudioVersion = 17.11.35208.52
MinimumVisualStudioVersion = 10.0.40219.1
Project("{FAE04EC0-301F-11D3-BF4B-00C04F79EFBC}") = "tema1", "tema1\tema1.csproj", "{42A55D1D-951A-4D02-B428-886BE35BECD4}"
EndProject
Global
	GlobalSection(SolutionConfigurationPlatforms) = preSolution
		Debug|Any CPU = Debug|Any CPU
		Release|Any CPU = Release|Any CPU
	EndGlobalSection
	GlobalSection(ProjectConfigurationPlatforms) = postSolution
		{42A55D1D-951A-4D02-B428-886BE35BECD4}.Debug|Any CPU.ActiveCfg = Debug|Any CPU
		{42A55D1D-951A-4D02-B428-886BE35BECD4}.Debug|Any CPU.Build.0 = Debug|Any CPU
		{42A55D1D-951A-4D02-B428-886BE35BECD4}.Release|Any CPU.ActiveCfg = Release|Any CPU
		{42A55D1D-951A-4D02-B428-886BE35BECD4}.Release|Any CPU.Build.0 = Release|Any CPU
	EndGlobalSection
	GlobalSection(SolutionProperties) = preSolution
		HideSolutionNode = FALSE
	EndGlobalSection
	GlobalSection(ExtensibilityGlobals) = postSolution
		SolutionGuid = {1E3043FA-57BC-4D2D-9A7C-3B6AABBF0907}
	EndGlobalSection
EndGlobal
