
Microsoft Visual Studio Solution File, Format Version 12.00
# Visual Studio Version 17
VisualStudioVersion = 17.11.35327.3
MinimumVisualStudioVersion = 10.0.40219.1
Project("{FAE04EC0-301F-11D3-BF4B-00C04F79EFBC}") = "flashcards", "flashcards\flashcards.csproj", "{3D621577-92A5-4B90-8D90-53DA896A641C}"
EndProject
Global
	GlobalSection(SolutionConfigurationPlatforms) = preSolution
		Debug|Any CPU = Debug|Any CPU
		Release|Any CPU = Release|Any CPU
	EndGlobalSection
	GlobalSection(ProjectConfigurationPlatforms) = postSolution
		{3D621577-92A5-4B90-8D90-53DA896A641C}.Debug|Any CPU.ActiveCfg = Debug|Any CPU
		{3D621577-92A5-4B90-8D90-53DA896A641C}.Debug|Any CPU.Build.0 = Debug|Any CPU
		{3D621577-92A5-4B90-8D90-53DA896A641C}.Release|Any CPU.ActiveCfg = Release|Any CPU
		{3D621577-92A5-4B90-8D90-53DA896A641C}.Release|Any CPU.Build.0 = Release|Any CPU
	EndGlobalSection
	GlobalSection(SolutionProperties) = preSolution
		HideSolutionNode = FALSE
	EndGlobalSection
	GlobalSection(ExtensibilityGlobals) = postSolution
		SolutionGuid = {CF9D870E-E4BA-428B-B512-F5F6578EAD64}
	EndGlobalSection
EndGlobal
